{
	"name": "@tobiasafischer/tiptap-extension-font-size",
	"version": "1.0.1",
	"lockfileVersion": 1,
	"requires": true,
	"dependencies": {
		"@tiptap/core": {
			"version": "2.0.0-beta.175",
			"resolved": "https://registry.npmjs.org/@tiptap/core/-/core-2.0.0-beta.175.tgz",
			"integrity": "sha512-dDf+2GtifskNLysn49kaCIz0o5hf6VDZ8J7jSQAfoPDEkEkfw9OKhWrR7NzWW6J34CSJreFDRiWkGt8Qz283Vg==",
			"requires": {
				"@types/prosemirror-commands": "^1.0.4",
				"@types/prosemirror-keymap": "^1.0.4",
				"@types/prosemirror-model": "^1.16.0",
				"@types/prosemirror-schema-list": "^1.0.3",
				"@types/prosemirror-state": "^1.2.8",
				"@types/prosemirror-transform": "^1.1.5",
				"@types/prosemirror-view": "^1.23.1",
				"prosemirror-commands": "^1.2.1",
				"prosemirror-keymap": "^1.1.5",
				"prosemirror-model": "^1.16.1",
				"prosemirror-schema-list": "^1.1.6",
				"prosemirror-state": "^1.3.4",
				"prosemirror-transform": "^1.3.3",
				"prosemirror-view": "^1.23.6"
			}
		},
		"@tiptap/extension-text-style": {
			"version": "2.0.0-beta.23",
			"resolved": "https://registry.npmjs.org/@tiptap/extension-text-style/-/extension-text-style-2.0.0-beta.23.tgz",
			"integrity": "sha512-h/7o//RB4WRrLKWV7E5eFk7tZnfjH0Wt9klixOmvTmus6dm00a7r6wTuaT1GNjfPOgClP3K185lTA5rrdgrxRA=="
		},
		"@types/orderedmap": {
			"version": "1.0.0",
			"resolved": "https://registry.npmjs.org/@types/orderedmap/-/orderedmap-1.0.0.tgz",
			"integrity": "sha512-dxKo80TqYx3YtBipHwA/SdFmMMyLCnP+5mkEqN0eMjcTBzHkiiX0ES118DsjDBjvD+zeSsSU9jULTZ+frog+Gw=="
		},
		"@types/prosemirror-commands": {
			"version": "1.0.4",
			"resolved": "https://registry.npmjs.org/@types/prosemirror-commands/-/prosemirror-commands-1.0.4.tgz",
			"integrity": "sha512-utDNYB3EXLjAfYIcRWJe6pn3kcQ5kG4RijbT/0Y/TFOm6yhvYS/D9eJVnijdg9LDjykapcezchxGRqFD5LcyaQ==",
			"requires": {
				"@types/prosemirror-model": "*",
				"@types/prosemirror-state": "*",
				"@types/prosemirror-view": "*"
			}
		},
		"@types/prosemirror-keymap": {
			"version": "1.0.4",
			"resolved": "https://registry.npmjs.org/@types/prosemirror-keymap/-/prosemirror-keymap-1.0.4.tgz",
			"integrity": "sha512-ycevwkqUh+jEQtPwqO7sWGcm+Sybmhu8MpBsM8DlO3+YTKnXbKA6SDz/+q14q1wK3UA8lHJyfR+v+GPxfUSemg==",
			"requires": {
				"@types/prosemirror-commands": "*",
				"@types/prosemirror-model": "*",
				"@types/prosemirror-state": "*",
				"@types/prosemirror-view": "*"
			}
		},
		"@types/prosemirror-model": {
			"version": "1.16.2",
			"resolved": "https://registry.npmjs.org/@types/prosemirror-model/-/prosemirror-model-1.16.2.tgz",
			"integrity": "sha512-1XPJopkKP3oHSBP61uuSuW13DIDZPWvAzP6Pv2/6mixk8EBPUeRGIW548DjJTicMo23gEg1zvCZy9asblQdWag==",
			"requires": {
				"@types/orderedmap": "*"
			}
		},
		"@types/prosemirror-schema-list": {
			"version": "1.0.3",
			"resolved": "https://registry.npmjs.org/@types/prosemirror-schema-list/-/prosemirror-schema-list-1.0.3.tgz",
			"integrity": "sha512-uWybOf+M2Ea7rlbs0yLsS4YJYNGXYtn4N+w8HCw3Vvfl6wBAROzlMt0gV/D/VW/7J/LlAjwMezuGe8xi24HzXA==",
			"requires": {
				"@types/orderedmap": "*",
				"@types/prosemirror-model": "*",
				"@types/prosemirror-state": "*"
			}
		},
		"@types/prosemirror-state": {
			"version": "1.3.0",
			"resolved": "https://registry.npmjs.org/@types/prosemirror-state/-/prosemirror-state-1.3.0.tgz",
			"integrity": "sha512-nMdUF6w8B++NH4V54X+4GvDty7M02UfuHQW0s1AS25Z4ZrOW4RSY2+s57doXBbeMSjzYV/QoMxCY2sT3KQ2VdQ==",
			"requires": {
				"@types/prosemirror-model": "*",
				"@types/prosemirror-transform": "*",
				"@types/prosemirror-view": "*"
			}
		},
		"@types/prosemirror-transform": {
			"version": "1.4.0",
			"resolved": "https://registry.npmjs.org/@types/prosemirror-transform/-/prosemirror-transform-1.4.0.tgz",
			"integrity": "sha512-ntfuTl9nJWHvFykCmqJj4YQMws6G5H9nBaxHW0xRqfTxDxUvX2bCloqRN7bQTWg9h3VSP2lx45UuET1fn/oQ9Q==",
			"requires": {
				"@types/prosemirror-model": "*"
			}
		},
		"@types/prosemirror-view": {
			"version": "1.23.2",
			"resolved": "https://registry.npmjs.org/@types/prosemirror-view/-/prosemirror-view-1.23.2.tgz",
			"integrity": "sha512-P/qlXsUAZeZVJQkIy6hzc1RBWbeQIN01jtUo686ou7O8RDXWVKpVYMa1soR8nfUfKE8QHvCjCVe+7u6V3C/1fw==",
			"requires": {
				"@types/prosemirror-model": "*",
				"@types/prosemirror-state": "*",
				"@types/prosemirror-transform": "*"
			}
		},
		"orderedmap": {
			"version": "1.1.5",
			"resolved": "https://registry.npmjs.org/orderedmap/-/orderedmap-1.1.5.tgz",
			"integrity": "sha512-/fzlCGKRmfayGoI9UUXvJfc2nMZlJHW30QqEvwPvlg8tsX7jyiUSomYie6mYqx7Z9bOMGoag0H/q1PS/0PjYkg=="
		},
		"prosemirror-commands": {
			"version": "1.2.2",
			"resolved": "https://registry.npmjs.org/prosemirror-commands/-/prosemirror-commands-1.2.2.tgz",
			"integrity": "sha512-TX+KpWudMon06frryfpO/u7hsQv2hu8L4VSVbCpi3/7wXHBgl+35mV85qfa3RpT8xD2f3MdeoTqH0vy5JdbXPg==",
			"requires": {
				"prosemirror-model": "^1.0.0",
				"prosemirror-state": "^1.0.0",
				"prosemirror-transform": "^1.0.0"
			}
		},
		"prosemirror-keymap": {
			"version": "1.1.5",
			"resolved": "https://registry.npmjs.org/prosemirror-keymap/-/prosemirror-keymap-1.1.5.tgz",
			"integrity": "sha512-8SZgPH3K+GLsHL2wKuwBD9rxhsbnVBTwpHCO4VUO5GmqUQlxd/2GtBVWTsyLq4Dp3N9nGgPd3+lZFKUDuVp+Vw==",
			"requires": {
				"prosemirror-state": "^1.0.0",
				"w3c-keyname": "^2.2.0"
			}
		},
		"prosemirror-model": {
			"version": "1.16.1",
			"resolved": "https://registry.npmjs.org/prosemirror-model/-/prosemirror-model-1.16.1.tgz",
			"integrity": "sha512-r1/w0HDU40TtkXp0DyKBnFPYwd8FSlUSJmGCGFv4DeynfeSlyQF2FD0RQbVEMOe6P3PpUSXM6LZBV7W/YNZ4mA==",
			"requires": {
				"orderedmap": "^1.1.0"
			}
		},
		"prosemirror-schema-list": {
			"version": "1.1.6",
			"resolved": "https://registry.npmjs.org/prosemirror-schema-list/-/prosemirror-schema-list-1.1.6.tgz",
			"integrity": "sha512-aFGEdaCWmJzouZ8DwedmvSsL50JpRkqhQ6tcpThwJONVVmCgI36LJHtoQ4VGZbusMavaBhXXr33zyD2IVsTlkw==",
			"requires": {
				"prosemirror-model": "^1.0.0",
				"prosemirror-transform": "^1.0.0"
			}
		},
		"prosemirror-state": {
			"version": "1.3.4",
			"resolved": "https://registry.npmjs.org/prosemirror-state/-/prosemirror-state-1.3.4.tgz",
			"integrity": "sha512-Xkkrpd1y/TQ6HKzN3agsQIGRcLckUMA9u3j207L04mt8ToRgpGeyhbVv0HI7omDORIBHjR29b7AwlATFFf2GLA==",
			"requires": {
				"prosemirror-model": "^1.0.0",
				"prosemirror-transform": "^1.0.0"
			}
		},
		"prosemirror-transform": {
			"version": "1.4.2",
			"resolved": "https://registry.npmjs.org/prosemirror-transform/-/prosemirror-transform-1.4.2.tgz",
			"integrity": "sha512-bcIsf3uRZhfab0xRfyyxOEh6eqSszq/hJbDbmUumFnbHBoWhB/uXbpz6vvUxfk0XiEvrZDJ+5pXRrNDc1Hu3vQ==",
			"requires": {
				"prosemirror-model": "^1.0.0"
			}
		},
		"prosemirror-view": {
			"version": "1.23.13",
			"resolved": "https://registry.npmjs.org/prosemirror-view/-/prosemirror-view-1.23.13.tgz",
			"integrity": "sha512-X/NcwZv8pgcEWfs3n++Wz4nDgqDIeDvJ9kfCk6DCoC9XUlDekqJLFt9wCcCUBXedb8hs/dmd+JmcaLgbr67XZw==",
			"requires": {
				"prosemirror-model": "^1.16.0",
				"prosemirror-state": "^1.0.0",
				"prosemirror-transform": "^1.1.0"
			}
		},
		"w3c-keyname": {
			"version": "2.2.4",
			"resolved": "https://registry.npmjs.org/w3c-keyname/-/w3c-keyname-2.2.4.tgz",
			"integrity": "sha512-tOhfEwEzFLJzf6d1ZPkYfGj+FWhIpBux9ppoP3rlclw3Z0BZv3N7b7030Z1kYth+6rDuAsXUFr+d0VE6Ed1ikw=="
		}
	}
}
